
Microsoft Visual Studio Solution File, Format Version 12.00
# Visual Studio Version 16
VisualStudioVersion = 16.0.32002.261
MinimumVisualStudioVersion = 10.0.40219.1
Project("{FAE04EC0-301F-11D3-BF4B-00C04F79EFBC}") = "ROYAL FULL", "ROYAL FULL\ROYAL FULL.csproj", "{99A3DA97-23BB-4E86-BBA3-F932E20F0297}"
EndProject
Global
	GlobalSection(SolutionConfigurationPlatforms) = preSolution
		Debug|Any CPU = Debug|Any CPU
		Release|Any CPU = Release|Any CPU
	EndGlobalSection
	GlobalSection(ProjectConfigurationPlatforms) = postSolution
		{99A3DA97-23BB-4E86-BBA3-F932E20F0297}.Debug|Any CPU.ActiveCfg = Debug|Any CPU
		{99A3DA97-23BB-4E86-BBA3-F932E20F0297}.Debug|Any CPU.Build.0 = Debug|Any CPU
		{99A3DA97-23BB-4E86-BBA3-F932E20F0297}.Release|Any CPU.ActiveCfg = Release|Any CPU
		{99A3DA97-23BB-4E86-BBA3-F932E20F0297}.Release|Any CPU.Build.0 = Release|Any CPU
	EndGlobalSection
	GlobalSection(SolutionProperties) = preSolution
		HideSolutionNode = FALSE
	EndGlobalSection
	GlobalSection(ExtensibilityGlobals) = postSolution
		SolutionGuid = {189F692C-4C0F-416E-AFD4-114074DD35F9}
	EndGlobalSection
EndGlobal
